Microsoft Visual Studio Solution File, Format Version 12.00
# Visual Studio Version 17
VisualStudioVersion = 17.5.2.0
MinimumVisualStudioVersion = 10.0.40219.1
Project("{FAE04EC0-301F-11D3-BF4B-00C04F79EFBC}") = "WorldCities.Server", "WorldCities.Server.csproj", "{DF933EAC-E8E5-2EE8-95D7-6171F717B229}"
EndProject
Global
	GlobalSection(SolutionConfigurationPlatforms) = preSolution
		Debug|Any CPU = Debug|Any CPU
		Release|Any CPU = Release|Any CPU
	EndGlobalSection
	GlobalSection(ProjectConfigurationPlatforms) = postSolution
		{DF933EAC-E8E5-2EE8-95D7-6171F717B229}.Debug|Any CPU.ActiveCfg = Debug|Any CPU
		{DF933EAC-E8E5-2EE8-95D7-6171F717B229}.Debug|Any CPU.Build.0 = Debug|Any CPU
		{DF933EAC-E8E5-2EE8-95D7-6171F717B229}.Release|Any CPU.ActiveCfg = Release|Any CPU
		{DF933EAC-E8E5-2EE8-95D7-6171F717B229}.Release|Any CPU.Build.0 = Release|Any CPU
	EndGlobalSection
	GlobalSection(SolutionProperties) = preSolution
		HideSolutionNode = FALSE
	EndGlobalSection
	GlobalSection(ExtensibilityGlobals) = postSolution
		SolutionGuid = {859FEF64-FA20-4F83-9FB9-9004FC9F3616}
	EndGlobalSection
EndGlobal
